{
  "name": "ledgerlens-financial-variance-courtroom",
  "version": "0.1.0",
  "lockfileVersion": 3,
  "requires": true,
  "packages": {
    "": {
      "name": "ledgerlens-financial-variance-courtroom",
      "version": "0.1.0",
      "license": "UNLICENSED",
      "dependencies": {
        "lucide": "^1.41.0",
        "papaparse": "^5.7.0"
      }
    },
    "node_modules/lucide": {
      "version": "1.41.0",
      "resolved": "https://registry.npmjs.org/lucide/-/lucide-1.41.0.tgz",
      "integrity": "sha512-fIXP7JzC1vehdqOrMhwpbcXzX6CvUMuoDf16HY1FmC4sDBeuwrH2A0c6QmLn3wnSvaMchpEyM+JWijyTvOs3kw==",
      "license": "ISC"
    },
    "node_modules/papaparse": {
      "version": "5.7.0",
      "resolved": "https://registry.npmjs.org/papaparse/-/papaparse-5.7.0.tgz",
      "integrity": "sha512-qBGxg/7Q3Kl9Wfhrz2Z74UnvnHTXLNG6jmKJFeBvP2+y4lV7So+7SR62+Zd47JvdrCkX+nDcnr0ObPzek/+6RA==",
      "license": "MIT"
    }
  }
}
